<?xml version="1.0" encoding="utf-8"?>
<Project ToolsVersion="4.0" xmlns="http://schemas.microsoft.com/developer/msbuild/2003">
  <ItemGroup>
    <Filter Include="소스 파일">
      <UniqueIdentifier>{4FC737F1-C7A5-4376-A066-2A32D752A2FF}</UniqueIdentifier>
      <Extensions>cpp;c;cc;cxx;c++;cppm;ixx;def;odl;idl;hpj;bat;asm;asmx</Extensions>
    </Filter>
    <Filter Include="헤더 파일">
      <UniqueIdentifier>{93995380-89BD-4b04-88EB-625FBE52EBFB}</UniqueIdentifier>
      <Extensions>h;hh;hpp;hxx;h++;hm;inl;inc;ipp;xsd</Extensions>
    </Filter>
    <Filter Include="리소스 파일">
      <UniqueIdentifier>{67DA6AB6-F800-4c08-8B7A-83BB121AAD01}</UniqueIdentifier>
      <Extensions>rc;ico;cur;bmp;dlg;rc2;rct;bin;rgs;gif;jpg;jpeg;jpe;resx;tiff;tif;png;wav;mfcribbon-ms</Extensions>
    </Filter>
    <Filter Include="클래스">
      <UniqueIdentifier>{0be36353-e380-4cda-b437-24396a22aa1e}</UniqueIdentifier>
    </Filter>
    <Filter Include="클래스\cpp">
      <UniqueIdentifier>{f469f96c-fdf8-43bc-a17b-4a95b99a9406}</UniqueIdentifier>
    </Filter>
    <Filter Include="클래스\h">
      <UniqueIdentifier>{7eeabcb3-510d-45c0-92ef-3fbeb6d43fed}</UniqueIdentifier>
    </Filter>
  </ItemGroup>
  <ItemGroup>
    <ClCompile Include="Server.cpp">
      <Filter>소스 파일</Filter>
    </ClCompile>
    <ClCompile Include="pch.cpp">
      <Filter>소스 파일</Filter>
    </ClCompile>
    <ClCompile Include="NetworkFramework.cpp">
      <Filter>클래스\cpp</Filter>
    </ClCompile>
    <ClCompile Include="GameFramework.cpp">
      <Filter>클래스\cpp</Filter>
    </ClCompile>
    <ClCompile Include="CPlayer.cpp">
      <Filter>클래스\cpp</Filter>
    </ClCompile>
    <ClCompile Include="CClient.cpp">
      <Filter>소스 파일</Filter>
    </ClCompile>
  </ItemGroup>
  <ItemGroup>
    <ClInclude Include="server.hpp">
      <Filter>헤더 파일</Filter>
    </ClInclude>
    <ClInclude Include="pch.hpp">
      <Filter>헤더 파일</Filter>
    </ClInclude>
    <ClInclude Include="protocol.hpp">
      <Filter>헤더 파일</Filter>
    </ClInclude>
    <ClInclude Include="NetworkFramework.hpp">
      <Filter>클래스\h</Filter>
    </ClInclude>
    <ClInclude Include="GameFramework.hpp">
      <Filter>클래스\h</Filter>
    </ClInclude>
    <ClInclude Include="Player.hpp">
      <Filter>클래스\h</Filter>
    </ClInclude>
    <ClInclude Include="Client.h">
      <Filter>헤더 파일</Filter>
    </ClInclude>
  </ItemGroup>
</Project>