<?xml version="1.0" encoding="utf-8"?>
<Project ToolsVersion="4.0" xmlns="http://schemas.microsoft.com/developer/msbuild/2003">
  <ItemGroup>
    <Filter Include="소스 파일">
      <UniqueIdentifier>{4FC737F1-C7A5-4376-A066-2A32D752A2FF}</UniqueIdentifier>
      <Extensions>cpp;c;cc;cxx;c++;cppm;ixx;def;odl;idl;hpj;bat;asm;asmx</Extensions>
    </Filter>
    <Filter Include="헤더 파일">
      <UniqueIdentifier>{93995380-89BD-4b04-88EB-625FBE52EBFB}</UniqueIdentifier>
      <Extensions>h;hh;hpp;hxx;h++;hm;inl;inc;ipp;xsd</Extensions>
    </Filter>
    <Filter Include="셰이더">
      <UniqueIdentifier>{3ec3fecd-bf01-46e7-bd00-07b00d39f7f2}</UniqueIdentifier>
    </Filter>
    <Filter Include="클래스">
      <UniqueIdentifier>{cbfe7844-e5b9-4973-a86e-f0be4492ce1a}</UniqueIdentifier>
    </Filter>
    <Filter Include="클래스\헤더">
      <UniqueIdentifier>{bc2045ca-e153-47c2-96e5-e7cf2d9993ff}</UniqueIdentifier>
    </Filter>
    <Filter Include="클래스\소스">
      <UniqueIdentifier>{339f6854-6213-4edc-865f-65be29d243c4}</UniqueIdentifier>
    </Filter>
    <Filter Include="리소스 파일">
      <UniqueIdentifier>{91fa4363-91c6-46b2-981d-46f2159aa8db}</UniqueIdentifier>
    </Filter>
  </ItemGroup>
  <ItemGroup>
    <ClInclude Include="targetver.h">
      <Filter>헤더 파일</Filter>
    </ClInclude>
    <ClInclude Include="Resource.h">
      <Filter>헤더 파일</Filter>
    </ClInclude>
    <ClInclude Include="Client.h">
      <Filter>헤더 파일</Filter>
    </ClInclude>
    <ClInclude Include="Camera.h">
      <Filter>클래스\헤더</Filter>
    </ClInclude>
    <ClInclude Include="GameFramework.h">
      <Filter>클래스\헤더</Filter>
    </ClInclude>
    <ClInclude Include="Mesh.h">
      <Filter>클래스\헤더</Filter>
    </ClInclude>
    <ClInclude Include="Object.h">
      <Filter>클래스\헤더</Filter>
    </ClInclude>
    <ClInclude Include="Player.h">
      <Filter>클래스\헤더</Filter>
    </ClInclude>
    <ClInclude Include="Scene.h">
      <Filter>클래스\헤더</Filter>
    </ClInclude>
    <ClInclude Include="Shader.h">
      <Filter>클래스\헤더</Filter>
    </ClInclude>
    <ClInclude Include="Timer.h">
      <Filter>클래스\헤더</Filter>
    </ClInclude>
    <ClInclude Include="WICTextureLoader12.h">
      <Filter>헤더 파일</Filter>
    </ClInclude>
    <ClInclude Include="pch.h">
      <Filter>헤더 파일</Filter>
    </ClInclude>
    <ClInclude Include="..\..\Server\Server\protocol.hpp">
      <Filter>헤더 파일</Filter>
    </ClInclude>
    <ClInclude Include="Network.h">
      <Filter>클래스\h</Filter>
    </ClInclude>
    <ClInclude Include="OVERLAPPEDEX.h">
      <Filter>클래스\h</Filter>
    </ClInclude>
    <ClInclude Include="DDSTextureLoader12.h">
      <Filter>헤더 파일</Filter>
    </ClInclude>
  </ItemGroup>
  <ItemGroup>
    <ClCompile Include="Client.cpp">
      <Filter>소스 파일</Filter>
    </ClCompile>
    <ClCompile Include="DDSTextureLoader12.cpp">
      <Filter>소스 파일</Filter>
    </ClCompile>
    <ClCompile Include="pch.cpp">
      <Filter>소스 파일</Filter>
    </ClCompile>
    <ClCompile Include="WICTextureLoader12.cpp">
      <Filter>소스 파일</Filter>
    </ClCompile>
    <ClCompile Include="Camera.cpp">
      <Filter>클래스\소스</Filter>
    </ClCompile>
    <ClCompile Include="GameFramework.cpp">
      <Filter>클래스\소스</Filter>
    </ClCompile>
    <ClCompile Include="Mesh.cpp">
      <Filter>클래스\소스</Filter>
    </ClCompile>
    <ClCompile Include="Object.cpp">
      <Filter>클래스\소스</Filter>
    </ClCompile>
    <ClCompile Include="Player.cpp">
      <Filter>클래스\소스</Filter>
    </ClCompile>
    <ClCompile Include="Scene.cpp">
      <Filter>클래스\소스</Filter>
    </ClCompile>
    <ClCompile Include="Shader.cpp">
      <Filter>클래스\소스</Filter>
    </ClCompile>
    <ClCompile Include="Timer.cpp">
      <Filter>클래스\소스</Filter>
    </ClCompile>
    <ClCompile Include="Network.cpp">
      <Filter>클래스\cpp</Filter>
    </ClCompile>
    <ClCompile Include="OVERLAPPEDEX.cpp">
      <Filter>클래스\cpp</Filter>
    </ClCompile>
  </ItemGroup>
  <ItemGroup>
    <Image Include="Client.ico">
      <Filter>리소스 파일</Filter>
    </Image>
    <Image Include="small.ico">
      <Filter>리소스 파일</Filter>
    </Image>
  </ItemGroup>
  <ItemGroup>
    <None Include="Shaders.hlsl">
      <Filter>셰이더</Filter>
    </None>
  </ItemGroup>
  <ItemGroup>
    <ResourceCompile Include="Client.rc">
      <Filter>리소스 파일</Filter>
    </ResourceCompile>
  </ItemGroup>
</Project>