
Microsoft Visual Studio Solution File, Format Version 12.00
# Visual Studio Version 17
VisualStudioVersion = 17.0.31919.166
MinimumVisualStudioVersion = 10.0.40219.1
Project("{8BC9CEB8-8B4A-11D0-8D11-00A0C91BC942}") = "Server", "Server\Server.vcxproj", "{399A7825-CFD7-4566-BDCA-829E000F67B9}"
EndProject
Project("{8BC9CEB8-8B4A-11D0-8D11-00A0C91BC942}") = "Client", "Client\Client.vcxproj", "{5DF964BF-75B8-4172-9F63-A990CCE89D1D}"
EndProject
Global
	GlobalSection(SolutionConfigurationPlatforms) = preSolution
		Debug|x64 = Debug|x64
		Debug|x86 = Debug|x86
		Release|x64 = Release|x64
		Release|x86 = Release|x86
	EndGlobalSection
	GlobalSection(ProjectConfigurationPlatforms) = postSolution
		{399A7825-CFD7-4566-BDCA-829E000F67B9}.Debug|x64.ActiveCfg = Debug|x64
		{399A7825-CFD7-4566-BDCA-829E000F67B9}.Debug|x64.Build.0 = Debug|x64
		{399A7825-CFD7-4566-BDCA-829E000F67B9}.Debug|x86.ActiveCfg = Debug|Win32
		{399A7825-CFD7-4566-BDCA-829E000F67B9}.Debug|x86.Build.0 = Debug|Win32
		{399A7825-CFD7-4566-BDCA-829E000F67B9}.Release|x64.ActiveCfg = Release|x64
		{399A7825-CFD7-4566-BDCA-829E000F67B9}.Release|x64.Build.0 = Release|x64
		{399A7825-CFD7-4566-BDCA-829E000F67B9}.Release|x86.ActiveCfg = Release|Win32
		{399A7825-CFD7-4566-BDCA-829E000F67B9}.Release|x86.Build.0 = Release|Win32
		{5DF964BF-75B8-4172-9F63-A990CCE89D1D}.Debug|x64.ActiveCfg = Debug|x64
		{5DF964BF-75B8-4172-9F63-A990CCE89D1D}.Debug|x64.Build.0 = Debug|x64
		{5DF964BF-75B8-4172-9F63-A990CCE89D1D}.Debug|x86.ActiveCfg = Debug|Win32
		{5DF964BF-75B8-4172-9F63-A990CCE89D1D}.Debug|x86.Build.0 = Debug|Win32
		{5DF964BF-75B8-4172-9F63-A990CCE89D1D}.Release|x64.ActiveCfg = Release|x64
		{5DF964BF-75B8-4172-9F63-A990CCE89D1D}.Release|x64.Build.0 = Release|x64
		{5DF964BF-75B8-4172-9F63-A990CCE89D1D}.Release|x86.ActiveCfg = Release|Win32
		{5DF964BF-75B8-4172-9F63-A990CCE89D1D}.Release|x86.Build.0 = Release|Win32
	EndGlobalSection
	GlobalSection(SolutionProperties) = preSolution
		HideSolutionNode = FALSE
	EndGlobalSection
	GlobalSection(ExtensibilityGlobals) = postSolution
		SolutionGuid = {C2842283-8B31-4473-A3B7-4958D1C7E744}
	EndGlobalSection
EndGlobal
